// !$*UTF8*$!
{
	archiveVersion = 1;
	classes = {
	};
	objectVersion = 46;
	objects = {

/* Begin PBXBuildFile section */
		5A6AD3071D8FF9F2004F0F8E /* main.m in Sources */ = {isa = PBXBuildFile; fileRef = 5A6AD3061D8FF9F2004F0F8E /* main.m */; };
		5A6AD30A1D8FF9F2004F0F8E /* AppDelegate.m in Sources */ = {isa = PBXBuildFile; fileRef = 5A6AD3091D8FF9F2004F0F8E /* AppDelegate.m */; };
		5A6AD30D1D8FF9F2004F0F8E /* ViewController.m in Sources */ = {isa = PBXBuildFile; fileRef = 5A6AD30C1D8FF9F2004F0F8E /* ViewController.m */; };
		5A6AD3101D8FF9F2004F0F8E /* Main.storyboard in Resources */ = {isa = PBXBuildFile; fileRef = 5A6AD30E1D8FF9F2004F0F8E /* Main.storyboard */; };
		5A6AD3121D8FF9F2004F0F8E /* Assets.xcassets in Resources */ = {isa = PBXBuildFile; fileRef = 5A6AD3111D8FF9F2004F0F8E /* Assets.xcassets */; };
		5A6AD3151D8FF9F2004F0F8E /* LaunchScreen.storyboard in Resources */ = {isa = PBXBuildFile; fileRef = 5A6AD3131D8FF9F2004F0F8E /* LaunchScreen.storyboard */; };
		5A6AD31E1D8FFA1A004F0F8E /* MKAlertManager.m in Sources */ = {isa = PBXBuildFile; fileRef = 5A6AD31D1D8FFA1A004F0F8E /* MKAlertManager.m */; };
/* End PBXBuildFile section */

/* Begin PBXFileReference section */
		5A6AD3021D8FF9F2004F0F8E /* MKAlertManagerExample.app */ = {isa = PBXFileReference; explicitFileType = wrapper.application; includeInIndex = 0; path = MKAlertManagerExample.app; sourceTree = BUILT_PRODUCTS_DIR; };
		5A6AD3061D8FF9F2004F0F8E /* main.m */ = {isa = PBXFileReference; lastKnownFileType = sourcecode.c.objc; path = main.m; sourceTree = "<group>"; };
		5A6AD3081D8FF9F2004F0F8E /* AppDelegate.h */ = {isa = PBXFileReference; lastKnownFileType = sourcecode.c.h; path = AppDelegate.h; sourceTree = "<group>"; };
		5A6AD3091D8FF9F2004F0F8E /* AppDelegate.m */ = {isa = PBXFileReference; lastKnownFileType = sourcecode.c.objc; path = AppDelegate.m; sourceTree = "<group>"; };
		5A6AD30B1D8FF9F2004F0F8E /* ViewController.h */ = {isa = PBXFileReference; lastKnownFileType = sourcecode.c.h; path = ViewController.h; sourceTree = "<group>"; };
		5A6AD30C1D8FF9F2004F0F8E /* ViewController.m */ = {isa = PBXFileReference; lastKnownFileType = sourcecode.c.objc; path = ViewController.m; sourceTree = "<group>"; };
		5A6AD30F1D8FF9F2004F0F8E /* Base */ = {isa = PBXFileReference; lastKnownFileType = file.storyboard; name = Base; path = Base.lproj/Main.storyboard; sourceTree = "<group>"; };
		5A6AD3111D8FF9F2004F0F8E /* Assets.xcassets */ = {isa = PBXFileReference; lastKnownFileType = folder.assetcatalog; path = Assets.xcassets; sourceTree = "<group>"; };
		5A6AD3141D8FF9F2004F0F8E /* Base */ = {isa = PBXFileReference; lastKnownFileType = file.storyboard; name = Base; path = Base.lproj/LaunchScreen.storyboard; sourceTree = "<group>"; };
		5A6AD3161D8FF9F2004F0F8E /* Info.plist */ = {isa = PBXFileReference; lastKnownFileType = text.plist.xml; path = Info.plist; sourceTree = "<group>"; };
		5A6AD31C1D8FFA1A004F0F8E /* MKAlertManager.h */ = {isa = PBXFileReference; fileEncoding = 4; lastKnownFileType = sourcecode.c.h; path = MKAlertManager.h; sourceTree = "<group>"; };
		5A6AD31D1D8FFA1A004F0F8E /* MKAlertManager.m */ = {isa = PBXFileReference; fileEncoding = 4; lastKnownFileType = sourcecode.c.objc; path = MKAlertManager.m; sourceTree = "<group>"; };
/* End PBXFileReference section */

/* Begin PBXFrameworksBuildPhase section */
		5A6AD2FF1D8FF9F2004F0F8E /* Frameworks */ = {
			isa = PBXFrameworksBuildPhase;
			buildActionMask = 2147483647;
			files = (
			);
			runOnlyForDeploymentPostprocessing = 0;
		};
/* End PBXFrameworksBuildPhase section */

/* Begin PBXGroup section */
		5A6AD2F91D8FF9F2004F0F8E = {
			isa = PBXGroup;
			children = (
				5A6AD3041D8FF9F2004F0F8E /* MKAlertManagerExample */,
				5A6AD3031D8FF9F2004F0F8E /* Products */,
			);
			sourceTree = "<group>";
		};
		5A6AD3031D8FF9F2004F0F8E /* Products */ = {
			isa = PBXGroup;
			children = (
				5A6AD3021D8FF9F2004F0F8E /* MKAlertManagerExample.app */,
			);
			name = Products;
			sourceTree = "<group>";
		};
		5A6AD3041D8FF9F2004F0F8E /* MKAlertManagerExample */ = {
			isa = PBXGroup;
			children = (
				5A6AD3081D8FF9F2004F0F8E /* AppDelegate.h */,
				5A6AD3091D8FF9F2004F0F8E /* AppDelegate.m */,
				5A6AD31C1D8FFA1A004F0F8E /* MKAlertManager.h */,
				5A6AD31D1D8FFA1A004F0F8E /* MKAlertManager.m */,
				5A6AD30B1D8FF9F2004F0F8E /* ViewController.h */,
				5A6AD30C1D8FF9F2004F0F8E /* ViewController.m */,
				5A6AD30E1D8FF9F2004F0F8E /* Main.storyboard */,
				5A6AD3111D8FF9F2004F0F8E /* Assets.xcassets */,
				5A6AD3131D8FF9F2004F0F8E /* LaunchScreen.storyboard */,
				5A6AD3161D8FF9F2004F0F8E /* Info.plist */,
				5A6AD3051D8FF9F2004F0F8E /* Supporting Files */,
			);
			path = MKAlertManagerExample;
			sourceTree = "<group>";
		};
		5A6AD3051D8FF9F2004F0F8E /* Supporting Files */ = {
			isa = PBXGroup;
			children = (
				5A6AD3061D8FF9F2004F0F8E /* main.m */,
			);
			name = "Supporting Files";
			sourceTree = "<group>";
		};
/* End PBXGroup section */

/* Begin PBXNativeTarget section */
		5A6AD3011D8FF9F2004F0F8E /* MKAlertManagerExample */ = {
			isa = PBXNativeTarget;
			buildConfigurationList = 5A6AD3191D8FF9F2004F0F8E /* Build configuration list for PBXNativeTarget "MKAlertManagerExample" */;
			buildPhases = (
				5A6AD2FE1D8FF9F2004F0F8E /* Sources */,
				5A6AD2FF1D8FF9F2004F0F8E /* Frameworks */,
				5A6AD3001D8FF9F2004F0F8E /* Resources */,
			);
			buildRules = (
			);
			dependencies = (
			);
			name = MKAlertManagerExample;
			productName = MKAlertManagerExample;
			productReference = 5A6AD3021D8FF9F2004F0F8E /* MKAlertManagerExample.app */;
			productType = "com.apple.product-type.application";
		};
/* End PBXNativeTarget section */

/* Begin PBXProject section */
		5A6AD2FA1D8FF9F2004F0F8E /* Project object */ = {
			isa = PBXProject;
			attributes = {
				LastUpgradeCheck = 0800;
				ORGANIZATIONNAME = "Michal Kaliniak";
				TargetAttributes = {
					5A6AD3011D8FF9F2004F0F8E = {
						CreatedOnToolsVersion = 8.0;
						DevelopmentTeam = UE8J4YV967;
						ProvisioningStyle = Automatic;
					};
				};
			};
			buildConfigurationList = 5A6AD2FD1D8FF9F2004F0F8E /* Build configuration list for PBXProject "MKAlertManagerExample" */;
			compatibilityVersion = "Xcode 3.2";
			developmentRegion = English;
			hasScannedForEncodings = 0;
			knownRegions = (
				en,
				Base,
			);
			mainGroup = 5A6AD2F91D8FF9F2004F0F8E;
			productRefGroup = 5A6AD3031D8FF9F2004F0F8E /* Products */;
			projectDirPath = "";
			projectRoot = "";
			targets = (
				5A6AD3011D8FF9F2004F0F8E /* MKAlertManagerExample */,
			);
		};
/* End PBXProject section */

/* Begin PBXResourcesBuildPhase section */
		5A6AD3001D8FF9F2004F0F8E /* Resources */ = {
			isa = PBXResourcesBuildPhase;
			buildActionMask = 2147483647;
			files = (
				5A6AD3151D8FF9F2004F0F8E /* LaunchScreen.storyboard in Resources */,
				5A6AD3121D8FF9F2004F0F8E /* Assets.xcassets in Resources */,
				5A6AD3101D8FF9F2004F0F8E /* Main.storyboard in Resources */,
			);
			runOnlyForDeploymentPostprocessing = 0;
		};
/* End PBXResourcesBuildPhase section */

/* Begin PBXSourcesBuildPhase section */
		5A6AD2FE1D8FF9F2004F0F8E /* Sources */ = {
			isa = PBXSourcesBuildPhase;
			buildActionMask = 2147483647;
			files = (
				5A6AD30D1D8FF9F2004F0F8E /* ViewController.m in Sources */,
				5A6AD30A1D8FF9F2004F0F8E /* AppDelegate.m in Sources */,
				5A6AD31E1D8FFA1A004F0F8E /* MKAlertManager.m in Sources */,
				5A6AD3071D8FF9F2004F0F8E /* main.m in Sources */,
			);
			runOnlyForDeploymentPostprocessing = 0;
		};
/* End PBXSourcesBuildPhase section */

/* Begin PBXVariantGroup section */
		5A6AD30E1D8FF9F2004F0F8E /* Main.storyboard */ = {
			isa = PBXVariantGroup;
			children = (
				5A6AD30F1D8FF9F2004F0F8E /* Base */,
			);
			name = Main.storyboard;
			sourceTree = "<group>";
		};
		5A6AD3131D8FF9F2004F0F8E /* LaunchScreen.storyboard */ = {
			isa = PBXVariantGroup;
			children = (
				5A6AD3141D8FF9F2004F0F8E /* Base */,
			);
			name = LaunchScreen.storyboard;
			sourceTree = "<group>";
		};
/* End PBXVariantGroup section */

/* Begin XCBuildConfiguration section */
		5A6AD3171D8FF9F2004F0F8E /* Debug */ = {
			isa = XCBuildConfiguration;
			buildSettings = {
				ALWAYS_SEARCH_USER_PATHS = NO;
				CLANG_ANALYZER_NONNULL = YES;
				CLANG_CXX_LANGUAGE_STANDARD = "gnu++0x";
				CLANG_CXX_LIBRARY = "libc++";
				CLANG_ENABLE_MODULES = YES;
				CLANG_ENABLE_OBJC_ARC = YES;
				CLANG_WARN_BOOL_CONVERSION = YES;
				CLANG_WARN_CONSTANT_CONVERSION = YES;
				CLANG_WARN_DIRECT_OBJC_ISA_USAGE = YES_ERROR;
				CLANG_WARN_DOCUMENTATION_COMMENTS = YES;
				CLANG_WARN_EMPTY_BODY = YES;
				CLANG_WARN_ENUM_CONVERSION = YES;
				CLANG_WARN_INFINITE_RECURSION = YES;
				CLANG_WARN_INT_CONVERSION = YES;
				CLANG_WARN_OBJC_ROOT_CLASS = YES_ERROR;
				CLANG_WARN_SUSPICIOUS_MOVES = YES;
				CLANG_WARN_UNREACHABLE_CODE = YES;
				CLANG_WARN__DUPLICATE_METHOD_MATCH = YES;
				"CODE_SIGN_IDENTITY[sdk=iphoneos*]" = "iPhone Developer";
				COPY_PHASE_STRIP = NO;
				DEBUG_INFORMATION_FORMAT = dwarf;
				ENABLE_STRICT_OBJC_MSGSEND = YES;
				ENABLE_TESTABILITY = YES;
				GCC_C_LANGUAGE_STANDARD = gnu99;
				GCC_DYNAMIC_NO_PIC = NO;
				GCC_NO_COMMON_BLOCKS = YES;
				GCC_OPTIMIZATION_LEVEL = 0;
				GCC_PREPROCESSOR_DEFINITIONS = (
					"DEBUG=1",
					"$(inherited)",
				);
				GCC_WARN_64_TO_32_BIT_CONVERSION = YES;
				GCC_WARN_ABOUT_RETURN_TYPE = YES_ERROR;
				GCC_WARN_UNDECLARED_SELECTOR = YES;
				GCC_WARN_UNINITIALIZED_AUTOS = YES_AGGRESSIVE;
				GCC_WARN_UNUSED_FUNCTION = YES;
				GCC_WARN_UNUSED_VARIABLE = YES;
				IPHONEOS_DEPLOYMENT_TARGET = 10.0;
				MTL_ENABLE_DEBUG_INFO = YES;
				ONLY_ACTIVE_ARCH = YES;
				SDKROOT = iphoneos;
				TARGETED_DEVICE_FAMILY = "1,2";
			};
			name = Debug;
		};
		5A6AD3181D8FF9F2004F0F8E /* Release */ = {
			isa = XCBuildConfiguration;
			buildSettings = {
				ALWAYS_SEARCH_USER_PATHS = NO;
				CLANG_ANALYZER_NONNULL = YES;
				CLANG_CXX_LANGUAGE_STANDARD = "gnu++0x";
				CLANG_CXX_LIBRARY = "libc++";
				CLANG_ENABLE_MODULES = YES;
				CLANG_ENABLE_OBJC_ARC = YES;
				CLANG_WARN_BOOL_CONVERSION = YES;
				CLANG_WARN_CONSTANT_CONVERSION = YES;
				CLANG_WARN_DIRECT_OBJC_ISA_USAGE = YES_ERROR;
				CLANG_WARN_DOCUMENTATION_COMMENTS = YES;
				CLANG_WARN_EMPTY_BODY = YES;
				CLANG_WARN_ENUM_CONVERSION = YES;
				CLANG_WARN_INFINITE_RECURSION = YES;
				CLANG_WARN_INT_CONVERSION = YES;
				CLANG_WARN_OBJC_ROOT_CLASS = YES_ERROR;
				CLANG_WARN_SUSPICIOUS_MOVES = YES;
				CLANG_WARN_UNREACHABLE_CODE = YES;
				CLANG_WARN__DUPLICATE_METHOD_MATCH = YES;
				"CODE_SIGN_IDENTITY[sdk=iphoneos*]" = "iPhone Developer";
				COPY_PHASE_STRIP = NO;
				DEBUG_INFORMATION_FORMAT = "dwarf-with-dsym";
				ENABLE_NS_ASSERTIONS = NO;
				ENABLE_STRICT_OBJC_MSGSEND = YES;
				GCC_C_LANGUAGE_STANDARD = gnu99;
				GCC_NO_COMMON_BLOCKS = YES;
				GCC_WARN_64_TO_32_BIT_CONVERSION = YES;
				GCC_WARN_ABOUT_RETURN_TYPE = YES_ERROR;
				GCC_WARN_UNDECLARED_SELECTOR = YES;
				GCC_WARN_UNINITIALIZED_AUTOS = YES_AGGRESSIVE;
				GCC_WARN_UNUSED_FUNCTION = YES;
				GCC_WARN_UNUSED_VARIABLE = YES;
				IPHONEOS_DEPLOYMENT_TARGET = 10.0;
				MTL_ENABLE_DEBUG_INFO = NO;
				SDKROOT = iphoneos;
				TARGETED_DEVICE_FAMILY = "1,2";
				VALIDATE_PRODUCT = YES;
			};
			name = Release;
		};
		5A6AD31A1D8FF9F2004F0F8E /* Debug */ = {
			isa = XCBuildConfiguration;
			buildSettings = {
				ASSETCATALOG_COMPILER_APPICON_NAME = AppIcon;
				DEVELOPMENT_TEAM = UE8J4YV967;
				INFOPLIST_FILE = MKAlertManagerExample/Info.plist;
				LD_RUNPATH_SEARCH_PATHS = "$(inherited) @executable_path/Frameworks";
				PRODUCT_BUNDLE_IDENTIFIER = pl.mnnajt.MKAlertManagerExample;
				PRODUCT_NAME = "$(TARGET_NAME)";
			};
			name = Debug;
		};
		5A6AD31B1D8FF9F2004F0F8E /* Release */ = {
			isa = XCBuildConfiguration;
			buildSettings = {
				ASSETCATALOG_COMPILER_APPICON_NAME = AppIcon;
				DEVELOPMENT_TEAM = UE8J4YV967;
				INFOPLIST_FILE = MKAlertManagerExample/Info.plist;
				LD_RUNPATH_SEARCH_PATHS = "$(inherited) @executable_path/Frameworks";
				PRODUCT_BUNDLE_IDENTIFIER = pl.mnnajt.MKAlertManagerExample;
				PRODUCT_NAME = "$(TARGET_NAME)";
			};
			name = Release;
		};
/* End XCBuildConfiguration section */

/* Begin XCConfigurationList section */
		5A6AD2FD1D8FF9F2004F0F8E /* Build configuration list for PBXProject "MKAlertManagerExample" */ = {
			isa = XCConfigurationList;
			buildConfigurations = (
				5A6AD3171D8FF9F2004F0F8E /* Debug */,
				5A6AD3181D8FF9F2004F0F8E /* Release */,
			);
			defaultConfigurationIsVisible = 0;
			defaultConfigurationName = Release;
		};
		5A6AD3191D8FF9F2004F0F8E /* Build configuration list for PBXNativeTarget "MKAlertManagerExample" */ = {
			isa = XCConfigurationList;
			buildConfigurations = (
				5A6AD31A1D8FF9F2004F0F8E /* Debug */,
				5A6AD31B1D8FF9F2004F0F8E /* Release */,
			);
			defaultConfigurationIsVisible = 0;
		};
/* End XCConfigurationList section */
	};
	rootObject = 5A6AD2FA1D8FF9F2004F0F8E /* Project object */;
}
